
Microsoft Visual Studio Solution File, Format Version 12.00
# Visual Studio Version 17
VisualStudioVersion = 17.7.34031.279
MinimumVisualStudioVersion = 10.0.40219.1
Project("{FAE04EC0-301F-11D3-BF4B-00C04F79EFBC}") = "SzyfrHomofoniczny", "SzyfrHomofoniczny\SzyfrHomofoniczny.csproj", "{7B60521F-4FDB-483A-B65C-664F535F3527}"
EndProject
Global
	GlobalSection(SolutionConfigurationPlatforms) = preSolution
		Debug|Any CPU = Debug|Any CPU
		Release|Any CPU = Release|Any CPU
	EndGlobalSection
	GlobalSection(ProjectConfigurationPlatforms) = postSolution
		{7B60521F-4FDB-483A-B65C-664F535F3527}.Debug|Any CPU.ActiveCfg = Debug|Any CPU
		{7B60521F-4FDB-483A-B65C-664F535F3527}.Debug|Any CPU.Build.0 = Debug|Any CPU
		{7B60521F-4FDB-483A-B65C-664F535F3527}.Release|Any CPU.ActiveCfg = Release|Any CPU
		{7B60521F-4FDB-483A-B65C-664F535F3527}.Release|Any CPU.Build.0 = Release|Any CPU
	EndGlobalSection
	GlobalSection(SolutionProperties) = preSolution
		HideSolutionNode = FALSE
	EndGlobalSection
	GlobalSection(ExtensibilityGlobals) = postSolution
		SolutionGuid = {AAE74094-697D-4F6D-938F-DB532ADCFBF9}
	EndGlobalSection
EndGlobal
